
Microsoft Visual Studio Solution File, Format Version 12.00
# Visual Studio Version 17
VisualStudioVersion = 17.11.35219.272
MinimumVisualStudioVersion = 10.0.40219.1
Project("{FAE04EC0-301F-11D3-BF4B-00C04F79EFBC}") = "AdLib.engine", "AdLib.engine\AdLib.engine.csproj", "{E1B08CED-BFE4-4471-BFE9-3C6B6C55FFA9}"
EndProject
Project("{FAE04EC0-301F-11D3-BF4B-00C04F79EFBC}") = "AdLib.UI", "AdLib.UI\AdLib.UI.csproj", "{CE84B95D-E324-4717-8EF6-49E9A19CD16A}"
EndProject
Project("{FAE04EC0-301F-11D3-BF4B-00C04F79EFBC}") = "AdLib.common", "AdLib.common\AdLib.common.csproj", "{E3669938-56DE-488F-B0CA-A48B4451C7B5}"
EndProject
Global
	GlobalSection(SolutionConfigurationPlatforms) = preSolution
		Debug|Any CPU = Debug|Any CPU
		Release|Any CPU = Release|Any CPU
	EndGlobalSection
	GlobalSection(ProjectConfigurationPlatforms) = postSolution
		{E1B08CED-BFE4-4471-BFE9-3C6B6C55FFA9}.Debug|Any CPU.ActiveCfg = Debug|Any CPU
		{E1B08CED-BFE4-4471-BFE9-3C6B6C55FFA9}.Debug|Any CPU.Build.0 = Debug|Any CPU
		{E1B08CED-BFE4-4471-BFE9-3C6B6C55FFA9}.Release|Any CPU.ActiveCfg = Release|Any CPU
		{E1B08CED-BFE4-4471-BFE9-3C6B6C55FFA9}.Release|Any CPU.Build.0 = Release|Any CPU
		{CE84B95D-E324-4717-8EF6-49E9A19CD16A}.Debug|Any CPU.ActiveCfg = Debug|Any CPU
		{CE84B95D-E324-4717-8EF6-49E9A19CD16A}.Debug|Any CPU.Build.0 = Debug|Any CPU
		{CE84B95D-E324-4717-8EF6-49E9A19CD16A}.Release|Any CPU.ActiveCfg = Release|Any CPU
		{CE84B95D-E324-4717-8EF6-49E9A19CD16A}.Release|Any CPU.Build.0 = Release|Any CPU
		{E3669938-56DE-488F-B0CA-A48B4451C7B5}.Debug|Any CPU.ActiveCfg = Debug|Any CPU
		{E3669938-56DE-488F-B0CA-A48B4451C7B5}.Debug|Any CPU.Build.0 = Debug|Any CPU
		{E3669938-56DE-488F-B0CA-A48B4451C7B5}.Release|Any CPU.ActiveCfg = Release|Any CPU
		{E3669938-56DE-488F-B0CA-A48B4451C7B5}.Release|Any CPU.Build.0 = Release|Any CPU
	EndGlobalSection
	GlobalSection(SolutionProperties) = preSolution
		HideSolutionNode = FALSE
	EndGlobalSection
	GlobalSection(ExtensibilityGlobals) = postSolution
		SolutionGuid = {18613BB7-BF15-43F3-8569-6C89F60A9338}
	EndGlobalSection
EndGlobal
